
Microsoft Visual Studio Solution File, Format Version 12.00
# Visual Studio Version 17
VisualStudioVersion = 17.7.34031.279
MinimumVisualStudioVersion = 10.0.40219.1
Project("{FAE04EC0-301F-11D3-BF4B-00C04F79EFBC}") = "Workaround", "Workaround\Workaround.csproj", "{D70EA01B-938E-48F4-85F9-E11C8E11A62D}"
EndProject
Project("{FAE04EC0-301F-11D3-BF4B-00C04F79EFBC}") = "Entities", "Entities\Entities.csproj", "{9C117E58-1EE1-4978-A37C-C749103C9DDE}"
EndProject
Project("{FAE04EC0-301F-11D3-BF4B-00C04F79EFBC}") = "Business", "Business\Business.csproj", "{4B956E58-299A-4F85-BD42-1D5C2A0602E5}"
EndProject
Global
	GlobalSection(SolutionConfigurationPlatforms) = preSolution
		Debug|Any CPU = Debug|Any CPU
		Release|Any CPU = Release|Any CPU
	EndGlobalSection
	GlobalSection(ProjectConfigurationPlatforms) = postSolution
		{D70EA01B-938E-48F4-85F9-E11C8E11A62D}.Debug|Any CPU.ActiveCfg = Debug|Any CPU
		{D70EA01B-938E-48F4-85F9-E11C8E11A62D}.Debug|Any CPU.Build.0 = Debug|Any CPU
		{D70EA01B-938E-48F4-85F9-E11C8E11A62D}.Release|Any CPU.ActiveCfg = Release|Any CPU
		{D70EA01B-938E-48F4-85F9-E11C8E11A62D}.Release|Any CPU.Build.0 = Release|Any CPU
		{9C117E58-1EE1-4978-A37C-C749103C9DDE}.Debug|Any CPU.ActiveCfg = Debug|Any CPU
		{9C117E58-1EE1-4978-A37C-C749103C9DDE}.Debug|Any CPU.Build.0 = Debug|Any CPU
		{9C117E58-1EE1-4978-A37C-C749103C9DDE}.Release|Any CPU.ActiveCfg = Release|Any CPU
		{9C117E58-1EE1-4978-A37C-C749103C9DDE}.Release|Any CPU.Build.0 = Release|Any CPU
		{4B956E58-299A-4F85-BD42-1D5C2A0602E5}.Debug|Any CPU.ActiveCfg = Debug|Any CPU
		{4B956E58-299A-4F85-BD42-1D5C2A0602E5}.Debug|Any CPU.Build.0 = Debug|Any CPU
		{4B956E58-299A-4F85-BD42-1D5C2A0602E5}.Release|Any CPU.ActiveCfg = Release|Any CPU
		{4B956E58-299A-4F85-BD42-1D5C2A0602E5}.Release|Any CPU.Build.0 = Release|Any CPU
	EndGlobalSection
	GlobalSection(SolutionProperties) = preSolution
		HideSolutionNode = FALSE
	EndGlobalSection
	GlobalSection(ExtensibilityGlobals) = postSolution
		SolutionGuid = {F0E4C8AF-099F-4759-9AEA-4F6CDEA0F84B}
	EndGlobalSection
EndGlobal
